{
  "object": {
    "pins": [
      {
        "package": "Alamofire",
        "repositoryURL": "https://github.com/Alamofire/Alamofire.git",
        "state": {
          "branch": null,
          "revision": "f96b619bcb2383b43d898402283924b80e2c4bae",
          "version": "5.4.3"
        }
      },
      {
        "package": "InputBarAccessoryView",
        "repositoryURL": "https://github.com/nathantannar4/InputBarAccessoryView",
        "state": {
          "branch": null,
          "revision": "f5e21ad31f7e747ae08eae91b6fc6d2348bb750d",
          "version": "5.3.1"
        }
      },
      {
        "package": "IQKeyboardManagerSwift",
        "repositoryURL": "https://github.com/hackiftekhar/IQKeyboardManager.git",
        "state": {
          "branch": null,
          "revision": "4dc6bc7d1c9747bd0c261c8c055903f9fdef91f7",
          "version": "6.5.6"
        }
      },
      {
        "package": "MessageKit",
        "repositoryURL": "https://github.com/MessageKit/MessageKit",
        "state": {
          "branch": null,
          "revision": "7ec2a9680af3af0eee06d503362f48ef79374db1",
          "version": "3.6.1"
        }
      },
      {
        "package": "SideMenu",
        "repositoryURL": "https://github.com/jonkykong/SideMenu.git",
        "state": {
          "branch": null,
          "revision": "8bd4fd128923cf5494fa726839af8afe12908ad9",
          "version": "6.5.0"
        }
      }
    ]
  },
  "version": 1
}
